PODS:
  - Alamofire (4.8.2)
  - IQKeyboardManagerSwift (6.4.1)
  - NVActivityIndicatorView (4.7.0):
    - NVActivityIndicatorView/Presenter (= 4.7.0)
  - NVActivityIndicatorView/Presenter (4.7.0)
  - SwiftLint (0.34.0)
  - SwipeCellKit (2.6.0)

DEPENDENCIES:
  - Alamofire
  - IQKeyboardManagerSwift
  - NVActivityIndicatorView
  - SwiftLint
  - SwipeCellKit

SPEC REPOS:
  trunk:
    - Alamofire
    - IQKeyboardManagerSwift
    - NVActivityIndicatorView
    - SwiftLint
    - SwipeCellKit

SPEC CHECKSUMS:
  Alamofire: ae5c501addb7afdbb13687d7f2f722c78734c2d3
  IQKeyboardManagerSwift: d2df660d0b8d64a15cb2537c9ff303213fa515b2
  NVActivityIndicatorView: b19ddab2576f805cbe0fb2306cba3476e09a1dea
  SwiftLint: 79d48a17c6565dc286c37efb8322c7b450f95c67
  SwipeCellKit: 935ca28c187ec6e1ffb2b578cf8ddca842bfdcbb

PODFILE CHECKSUM: 04ae8243a4dfa312d9a1a650547e618bb244cebb

COCOAPODS: 1.8.0.beta.2
